
Microsoft Visual Studio Solution File, Format Version 12.00
# Visual Studio Version 17
VisualStudioVersion = 17.11.35327.3
MinimumVisualStudioVersion = 10.0.40219.1
Project("{FAE04EC0-301F-11D3-BF4B-00C04F79EFBC}") = "Florea_Cristina_lab1", "Florea_Cristina_lab1.csproj", "{66768934-093D-429D-ACA5-CAEEB07FA9B8}"
EndProject
Global
	GlobalSection(SolutionConfigurationPlatforms) = preSolution
		Debug|Any CPU = Debug|Any CPU
		Release|Any CPU = Release|Any CPU
	EndGlobalSection
	GlobalSection(ProjectConfigurationPlatforms) = postSolution
		{66768934-093D-429D-ACA5-CAEEB07FA9B8}.Debug|Any CPU.ActiveCfg = Debug|Any CPU
		{66768934-093D-429D-ACA5-CAEEB07FA9B8}.Debug|Any CPU.Build.0 = Debug|Any CPU
		{66768934-093D-429D-ACA5-CAEEB07FA9B8}.Release|Any CPU.ActiveCfg = Release|Any CPU
		{66768934-093D-429D-ACA5-CAEEB07FA9B8}.Release|Any CPU.Build.0 = Release|Any CPU
	EndGlobalSection
	GlobalSection(SolutionProperties) = preSolution
		HideSolutionNode = FALSE
	EndGlobalSection
	GlobalSection(ExtensibilityGlobals) = postSolution
		SolutionGuid = {300A994F-4E44-406F-AE95-8E5E8ED4196B}
	EndGlobalSection
EndGlobal
